
Microsoft Visual Studio Solution File, Format Version 12.00
# Visual Studio 14
VisualStudioVersion = 14.0.24720.0
MinimumVisualStudioVersion = 10.0.40219.1
Project("{2150E333-8FDC-42A3-9474-1A3956D46DE8}") = "Engine", "Engine", "{2D3DFE5B-F13B-43DB-A21A-2AB47C78A7C6}"
EndProject
Project("{2150E333-8FDC-42A3-9474-1A3956D46DE8}") = "Games", "Games", "{96BE9068-3456-45C2-B9CD-55DF92F90F0C}"
EndProject
Project("{8BC9CEB8-8B4A-11D0-8D11-00A0C91BC942}") = "UE4", "Intermediate\ProjectFiles\UE4.vcxproj", "{FA0D4BAC-39AC-4484-A9B7-12C667A98689}"
EndProject
Project("{8BC9CEB8-8B4A-11D0-8D11-00A0C91BC942}") = "PlayingWithDeltaTime", "Intermediate\ProjectFiles\PlayingWithDeltaTime.vcxproj", "{EB978A8E-0CC0-49C6-9515-9F85C4500D5C}"
EndProject
Global
	GlobalSection(SolutionConfigurationPlatforms) = preSolution
		DebugGame Editor|Win32 = DebugGame Editor|Win32
		DebugGame Editor|Win64 = DebugGame Editor|Win64
		DebugGame|Win32 = DebugGame|Win32
		DebugGame|Win64 = DebugGame|Win64
		Development Editor|Win32 = Development Editor|Win32
		Development Editor|Win64 = Development Editor|Win64
		Development|Win32 = Development|Win32
		Development|Win64 = Development|Win64
		Shipping|Win32 = Shipping|Win32
		Shipping|Win64 = Shipping|Win64
	EndGlobalSection
	GlobalSection(ProjectConfigurationPlatforms) = postSolution
		{FA0D4BAC-39AC-4484-A9B7-12C667A98689}.DebugGame Editor|Win32.ActiveCfg = BuiltWithUnrealBuildTool|Win32
		{FA0D4BAC-39AC-4484-A9B7-12C667A98689}.DebugGame Editor|Win32.Build.0 = BuiltWithUnrealBuildTool|Win32
		{FA0D4BAC-39AC-4484-A9B7-12C667A98689}.DebugGame Editor|Win64.ActiveCfg = BuiltWithUnrealBuildTool|Win32
		{FA0D4BAC-39AC-4484-A9B7-12C667A98689}.DebugGame Editor|Win64.Build.0 = BuiltWithUnrealBuildTool|Win32
		{FA0D4BAC-39AC-4484-A9B7-12C667A98689}.DebugGame|Win32.ActiveCfg = BuiltWithUnrealBuildTool|Win32
		{FA0D4BAC-39AC-4484-A9B7-12C667A98689}.DebugGame|Win32.Build.0 = BuiltWithUnrealBuildTool|Win32
		{FA0D4BAC-39AC-4484-A9B7-12C667A98689}.DebugGame|Win64.ActiveCfg = BuiltWithUnrealBuildTool|Win32
		{FA0D4BAC-39AC-4484-A9B7-12C667A98689}.DebugGame|Win64.Build.0 = BuiltWithUnrealBuildTool|Win32
		{FA0D4BAC-39AC-4484-A9B7-12C667A98689}.Development Editor|Win32.ActiveCfg = BuiltWithUnrealBuildTool|Win32
		{FA0D4BAC-39AC-4484-A9B7-12C667A98689}.Development Editor|Win32.Build.0 = BuiltWithUnrealBuildTool|Win32
		{FA0D4BAC-39AC-4484-A9B7-12C667A98689}.Development Editor|Win64.ActiveCfg = BuiltWithUnrealBuildTool|Win32
		{FA0D4BAC-39AC-4484-A9B7-12C667A98689}.Development Editor|Win64.Build.0 = BuiltWithUnrealBuildTool|Win32
		{FA0D4BAC-39AC-4484-A9B7-12C667A98689}.Development|Win32.ActiveCfg = BuiltWithUnrealBuildTool|Win32
		{FA0D4BAC-39AC-4484-A9B7-12C667A98689}.Development|Win32.Build.0 = BuiltWithUnrealBuildTool|Win32
		{FA0D4BAC-39AC-4484-A9B7-12C667A98689}.Development|Win64.ActiveCfg = BuiltWithUnrealBuildTool|Win32
		{FA0D4BAC-39AC-4484-A9B7-12C667A98689}.Development|Win64.Build.0 = BuiltWithUnrealBuildTool|Win32
		{FA0D4BAC-39AC-4484-A9B7-12C667A98689}.Shipping|Win32.ActiveCfg = BuiltWithUnrealBuildTool|Win32
		{FA0D4BAC-39AC-4484-A9B7-12C667A98689}.Shipping|Win32.Build.0 = BuiltWithUnrealBuildTool|Win32
		{FA0D4BAC-39AC-4484-A9B7-12C667A98689}.Shipping|Win64.ActiveCfg = BuiltWithUnrealBuildTool|Win32
		{FA0D4BAC-39AC-4484-A9B7-12C667A98689}.Shipping|Win64.Build.0 = BuiltWithUnrealBuildTool|Win32
		{EB978A8E-0CC0-49C6-9515-9F85C4500D5C}.DebugGame Editor|Win32.ActiveCfg = DebugGame_Editor|Win32
		{EB978A8E-0CC0-49C6-9515-9F85C4500D5C}.DebugGame Editor|Win32.Build.0 = DebugGame_Editor|Win32
		{EB978A8E-0CC0-49C6-9515-9F85C4500D5C}.DebugGame Editor|Win64.ActiveCfg = DebugGame_Editor|x64
		{EB978A8E-0CC0-49C6-9515-9F85C4500D5C}.DebugGame Editor|Win64.Build.0 = DebugGame_Editor|x64
		{EB978A8E-0CC0-49C6-9515-9F85C4500D5C}.DebugGame|Win32.ActiveCfg = DebugGame_Game|Win32
		{EB978A8E-0CC0-49C6-9515-9F85C4500D5C}.DebugGame|Win32.Build.0 = DebugGame_Game|Win32
		{EB978A8E-0CC0-49C6-9515-9F85C4500D5C}.DebugGame|Win64.ActiveCfg = DebugGame_Game|x64
		{EB978A8E-0CC0-49C6-9515-9F85C4500D5C}.DebugGame|Win64.Build.0 = DebugGame_Game|x64
		{EB978A8E-0CC0-49C6-9515-9F85C4500D5C}.Development Editor|Win32.ActiveCfg = Development_Editor|Win32
		{EB978A8E-0CC0-49C6-9515-9F85C4500D5C}.Development Editor|Win32.Build.0 = Development_Editor|Win32
		{EB978A8E-0CC0-49C6-9515-9F85C4500D5C}.Development Editor|Win64.ActiveCfg = Development_Editor|x64
		{EB978A8E-0CC0-49C6-9515-9F85C4500D5C}.Development Editor|Win64.Build.0 = Development_Editor|x64
		{EB978A8E-0CC0-49C6-9515-9F85C4500D5C}.Development|Win32.ActiveCfg = Development_Game|Win32
		{EB978A8E-0CC0-49C6-9515-9F85C4500D5C}.Development|Win32.Build.0 = Development_Game|Win32
		{EB978A8E-0CC0-49C6-9515-9F85C4500D5C}.Development|Win64.ActiveCfg = Development_Game|x64
		{EB978A8E-0CC0-49C6-9515-9F85C4500D5C}.Development|Win64.Build.0 = Development_Game|x64
		{EB978A8E-0CC0-49C6-9515-9F85C4500D5C}.Shipping|Win32.ActiveCfg = Shipping_Game|Win32
		{EB978A8E-0CC0-49C6-9515-9F85C4500D5C}.Shipping|Win32.Build.0 = Shipping_Game|Win32
		{EB978A8E-0CC0-49C6-9515-9F85C4500D5C}.Shipping|Win64.ActiveCfg = Shipping_Game|x64
		{EB978A8E-0CC0-49C6-9515-9F85C4500D5C}.Shipping|Win64.Build.0 = Shipping_Game|x64
	EndGlobalSection
	GlobalSection(SolutionProperties) = preSolution
		HideSolutionNode = FALSE
	EndGlobalSection
	GlobalSection(NestedProjects) = preSolution
		{FA0D4BAC-39AC-4484-A9B7-12C667A98689} = {2D3DFE5B-F13B-43DB-A21A-2AB47C78A7C6}
		{EB978A8E-0CC0-49C6-9515-9F85C4500D5C} = {96BE9068-3456-45C2-B9CD-55DF92F90F0C}
	EndGlobalSection
EndGlobal
